// !$*UTF8*$!
{
	archiveVersion = 1;
	classes = {
	};
	objectVersion = 51;
	objects = {

/* Begin PBXBuildFile section */
		027EDE2E6755147BD7D99015 /* Pods_DSBaseDemo.framework in Frameworks */ = {isa = PBXBuildFile; fileRef = 97795230E224D13EF70A8EEA /* Pods_DSBaseDemo.framework */; };
		F1C9FD99257E794F00F27267 /* AppDelegate.swift in Sources */ = {isa = PBXBuildFile; fileRef = F1C9FD98257E794F00F27267 /* AppDelegate.swift */; };
		F1C9FD9B257E794F00F27267 /* SceneDelegate.swift in Sources */ = {isa = PBXBuildFile; fileRef = F1C9FD9A257E794F00F27267 /* SceneDelegate.swift */; };
		F1C9FD9D257E794F00F27267 /* ViewController.swift in Sources */ = {isa = PBXBuildFile; fileRef = F1C9FD9C257E794F00F27267 /* ViewController.swift */; };
		F1C9FDA0257E794F00F27267 /* Main.storyboard in Resources */ = {isa = PBXBuildFile; fileRef = F1C9FD9E257E794F00F27267 /* Main.storyboard */; };
		F1C9FDA2257E795000F27267 /* Assets.xcassets in Resources */ = {isa = PBXBuildFile; fileRef = F1C9FDA1257E795000F27267 /* Assets.xcassets */; };
		F1C9FDA5257E795000F27267 /* LaunchScreen.storyboard in Resources */ = {isa = PBXBuildFile; fileRef = F1C9FDA3257E795000F27267 /* LaunchScreen.storyboard */; };
/* End PBXBuildFile section */

/* Begin PBXFileReference section */
		97795230E224D13EF70A8EEA /* Pods_DSBaseDemo.framework */ = {isa = PBXFileReference; explicitFileType = wrapper.framework; includeInIndex = 0; path = Pods_DSBaseDemo.framework; sourceTree = BUILT_PRODUCTS_DIR; };
		C2AB361C9928C643FEC5C378 /* Pods-DSBaseDemo.release.xcconfig */ = {isa = PBXFileReference; includeInIndex = 1; lastKnownFileType = text.xcconfig; name = "Pods-DSBaseDemo.release.xcconfig"; path = "Target Support Files/Pods-DSBaseDemo/Pods-DSBaseDemo.release.xcconfig"; sourceTree = "<group>"; };
		E57D1B603B062B94EF4EBC9E /* Pods-DSBaseDemo.debug.xcconfig */ = {isa = PBXFileReference; includeInIndex = 1; lastKnownFileType = text.xcconfig; name = "Pods-DSBaseDemo.debug.xcconfig"; path = "Target Support Files/Pods-DSBaseDemo/Pods-DSBaseDemo.debug.xcconfig"; sourceTree = "<group>"; };
		F1C9FD95257E794F00F27267 /* DSBaseDemo.app */ = {isa = PBXFileReference; explicitFileType = wrapper.application; includeInIndex = 0; path = DSBaseDemo.app; sourceTree = BUILT_PRODUCTS_DIR; };
		F1C9FD98257E794F00F27267 /* AppDelegate.swift */ = {isa = PBXFileReference; lastKnownFileType = sourcecode.swift; path = AppDelegate.swift; sourceTree = "<group>"; };
		F1C9FD9A257E794F00F27267 /* SceneDelegate.swift */ = {isa = PBXFileReference; lastKnownFileType = sourcecode.swift; path = SceneDelegate.swift; sourceTree = "<group>"; };
		F1C9FD9C257E794F00F27267 /* ViewController.swift */ = {isa = PBXFileReference; lastKnownFileType = sourcecode.swift; path = ViewController.swift; sourceTree = "<group>"; };
		F1C9FD9F257E794F00F27267 /* Base */ = {isa = PBXFileReference; lastKnownFileType = file.storyboard; name = Base; path = Base.lproj/Main.storyboard; sourceTree = "<group>"; };
		F1C9FDA1257E795000F27267 /* Assets.xcassets */ = {isa = PBXFileReference; lastKnownFileType = folder.assetcatalog; path = Assets.xcassets; sourceTree = "<group>"; };
		F1C9FDA4257E795000F27267 /* Base */ = {isa = PBXFileReference; lastKnownFileType = file.storyboard; name = Base; path = Base.lproj/LaunchScreen.storyboard; sourceTree = "<group>"; };
		F1C9FDA6257E795000F27267 /* Info.plist */ = {isa = PBXFileReference; lastKnownFileType = text.plist.xml; path = Info.plist; sourceTree = "<group>"; };
/* End PBXFileReference section */

/* Begin PBXFrameworksBuildPhase section */
		F1C9FD92257E794F00F27267 /* Frameworks */ = {
			isa = PBXFrameworksBuildPhase;
			buildActionMask = 2147483647;
			files = (
				027EDE2E6755147BD7D99015 /* Pods_DSBaseDemo.framework in Frameworks */,
			);
			runOnlyForDeploymentPostprocessing = 0;
		};
/* End PBXFrameworksBuildPhase section */

/* Begin PBXGroup section */
		D15CECC1513BF41C2F1B94F4 /* Frameworks */ = {
			isa = PBXGroup;
			children = (
				97795230E224D13EF70A8EEA /* Pods_DSBaseDemo.framework */,
			);
			name = Frameworks;
			sourceTree = "<group>";
		};
		F1C9FD8C257E794F00F27267 = {
			isa = PBXGroup;
			children = (
				F1C9FD97257E794F00F27267 /* DSBaseDemo */,
				F1C9FD96257E794F00F27267 /* Products */,
				F7435E1EC7B4ABEB60D75B93 /* Pods */,
				D15CECC1513BF41C2F1B94F4 /* Frameworks */,
			);
			sourceTree = "<group>";
		};
		F1C9FD96257E794F00F27267 /* Products */ = {
			isa = PBXGroup;
			children = (
				F1C9FD95257E794F00F27267 /* DSBaseDemo.app */,
			);
			name = Products;
			sourceTree = "<group>";
		};
		F1C9FD97257E794F00F27267 /* DSBaseDemo */ = {
			isa = PBXGroup;
			children = (
				F1C9FD98257E794F00F27267 /* AppDelegate.swift */,
				F1C9FD9A257E794F00F27267 /* SceneDelegate.swift */,
				F1C9FD9C257E794F00F27267 /* ViewController.swift */,
				F1C9FD9E257E794F00F27267 /* Main.storyboard */,
				F1C9FDA1257E795000F27267 /* Assets.xcassets */,
				F1C9FDA3257E795000F27267 /* LaunchScreen.storyboard */,
				F1C9FDA6257E795000F27267 /* Info.plist */,
			);
			path = DSBaseDemo;
			sourceTree = "<group>";
		};
		F7435E1EC7B4ABEB60D75B93 /* Pods */ = {
			isa = PBXGroup;
			children = (
				E57D1B603B062B94EF4EBC9E /* Pods-DSBaseDemo.debug.xcconfig */,
				C2AB361C9928C643FEC5C378 /* Pods-DSBaseDemo.release.xcconfig */,
			);
			path = Pods;
			sourceTree = "<group>";
		};
/* End PBXGroup section */

/* Begin PBXNativeTarget section */
		F1C9FD94257E794F00F27267 /* DSBaseDemo */ = {
			isa = PBXNativeTarget;
			buildConfigurationList = F1C9FDA9257E795000F27267 /* Build configuration list for PBXNativeTarget "DSBaseDemo" */;
			buildPhases = (
				4A794EB5BB398922C7F7234C /* [CP] Check Pods Manifest.lock */,
				F1C9FD91257E794F00F27267 /* Sources */,
				F1C9FD92257E794F00F27267 /* Frameworks */,
				F1C9FD93257E794F00F27267 /* Resources */,
				C67401C816B6692FED0D0CC1 /* [CP] Embed Pods Frameworks */,
			);
			buildRules = (
			);
			dependencies = (
			);
			name = DSBaseDemo;
			productName = DSBaseDemo;
			productReference = F1C9FD95257E794F00F27267 /* DSBaseDemo.app */;
			productType = "com.apple.product-type.application";
		};
/* End PBXNativeTarget section */

/* Begin PBXProject section */
		F1C9FD8D257E794F00F27267 /* Project object */ = {
			isa = PBXProject;
			attributes = {
				LastSwiftUpdateCheck = 1200;
				LastUpgradeCheck = 1200;
				TargetAttributes = {
					F1C9FD94257E794F00F27267 = {
						CreatedOnToolsVersion = 12.0.1;
					};
				};
			};
			buildConfigurationList = F1C9FD90257E794F00F27267 /* Build configuration list for PBXProject "DSBaseDemo" */;
			compatibilityVersion = "Xcode 9.3";
			developmentRegion = en;
			hasScannedForEncodings = 0;
			knownRegions = (
				en,
				Base,
			);
			mainGroup = F1C9FD8C257E794F00F27267;
			productRefGroup = F1C9FD96257E794F00F27267 /* Products */;
			projectDirPath = "";
			projectRoot = "";
			targets = (
				F1C9FD94257E794F00F27267 /* DSBaseDemo */,
			);
		};
/* End PBXProject section */

/* Begin PBXResourcesBuildPhase section */
		F1C9FD93257E794F00F27267 /* Resources */ = {
			isa = PBXResourcesBuildPhase;
			buildActionMask = 2147483647;
			files = (
				F1C9FDA5257E795000F27267 /* LaunchScreen.storyboard in Resources */,
				F1C9FDA2257E795000F27267 /* Assets.xcassets in Resources */,
				F1C9FDA0257E794F00F27267 /* Main.storyboard in Resources */,
			);
			runOnlyForDeploymentPostprocessing = 0;
		};
/* End PBXResourcesBuildPhase section */

/* Begin PBXShellScriptBuildPhase section */
		4A794EB5BB398922C7F7234C /* [CP] Check Pods Manifest.lock */ = {
			isa = PBXShellScriptBuildPhase;
			buildActionMask = 2147483647;
			files = (
			);
			inputFileListPaths = (
			);
			inputPaths = (
				"${PODS_PODFILE_DIR_PATH}/Podfile.lock",
				"${PODS_ROOT}/Manifest.lock",
			);
			name = "[CP] Check Pods Manifest.lock";
			outputFileListPaths = (
			);
			outputPaths = (
				"$(DERIVED_FILE_DIR)/Pods-DSBaseDemo-checkManifestLockResult.txt",
			);
			runOnlyForDeploymentPostprocessing = 0;
			shellPath = /bin/sh;
			shellScript = "diff \"${PODS_PODFILE_DIR_PATH}/Podfile.lock\" \"${PODS_ROOT}/Manifest.lock\" > /dev/null\nif [ $? != 0 ] ; then\n    # print error to STDERR\n    echo \"error: The sandbox is not in sync with the Podfile.lock. Run 'pod install' or update your CocoaPods installation.\" >&2\n    exit 1\nfi\n# This output is used by Xcode 'outputs' to avoid re-running this script phase.\necho \"SUCCESS\" > \"${SCRIPT_OUTPUT_FILE_0}\"\n";
			showEnvVarsInLog = 0;
		};
		C67401C816B6692FED0D0CC1 /* [CP] Embed Pods Frameworks */ = {
			isa = PBXShellScriptBuildPhase;
			buildActionMask = 2147483647;
			files = (
			);
			inputFileListPaths = (
				"${PODS_ROOT}/Target Support Files/Pods-DSBaseDemo/Pods-DSBaseDemo-frameworks-${CONFIGURATION}-input-files.xcfilelist",
			);
			name = "[CP] Embed Pods Frameworks";
			outputFileListPaths = (
				"${PODS_ROOT}/Target Support Files/Pods-DSBaseDemo/Pods-DSBaseDemo-frameworks-${CONFIGURATION}-output-files.xcfilelist",
			);
			runOnlyForDeploymentPostprocessing = 0;
			shellPath = /bin/sh;
			shellScript = "\"${PODS_ROOT}/Target Support Files/Pods-DSBaseDemo/Pods-DSBaseDemo-frameworks.sh\"\n";
			showEnvVarsInLog = 0;
		};
/* End PBXShellScriptBuildPhase section */

/* Begin PBXSourcesBuildPhase section */
		F1C9FD91257E794F00F27267 /* Sources */ = {
			isa = PBXSourcesBuildPhase;
			buildActionMask = 2147483647;
			files = (
				F1C9FD9D257E794F00F27267 /* ViewController.swift in Sources */,
				F1C9FD99257E794F00F27267 /* AppDelegate.swift in Sources */,
				F1C9FD9B257E794F00F27267 /* SceneDelegate.swift in Sources */,
			);
			runOnlyForDeploymentPostprocessing = 0;
		};
/* End PBXSourcesBuildPhase section */

/* Begin PBXVariantGroup section */
		F1C9FD9E257E794F00F27267 /* Main.storyboard */ = {
			isa = PBXVariantGroup;
			children = (
				F1C9FD9F257E794F00F27267 /* Base */,
			);
			name = Main.storyboard;
			sourceTree = "<group>";
		};
		F1C9FDA3257E795000F27267 /* LaunchScreen.storyboard */ = {
			isa = PBXVariantGroup;
			children = (
				F1C9FDA4257E795000F27267 /* Base */,
			);
			name = LaunchScreen.storyboard;
			sourceTree = "<group>";
		};
/* End PBXVariantGroup section */

/* Begin XCBuildConfiguration section */
		F1C9FDA7257E795000F27267 /* Debug */ = {
			isa = XCBuildConfiguration;
			buildSettings = {
				ALWAYS_SEARCH_USER_PATHS = NO;
				CLANG_ANALYZER_NONNULL = YES;
				CLANG_ANALYZER_NUMBER_OBJECT_CONVERSION = YES_AGGRESSIVE;
				CLANG_CXX_LANGUAGE_STANDARD = "gnu++14";
				CLANG_CXX_LIBRARY = "libc++";
				CLANG_ENABLE_MODULES = YES;
				CLANG_ENABLE_OBJC_ARC = YES;
				CLANG_ENABLE_OBJC_WEAK = YES;
				CLANG_WARN_BLOCK_CAPTURE_AUTORELEASING = YES;
				CLANG_WARN_BOOL_CONVERSION = YES;
				CLANG_WARN_COMMA = YES;
				CLANG_WARN_CONSTANT_CONVERSION = YES;
				CLANG_WARN_DEPRECATED_OBJC_IMPLEMENTATIONS = YES;
				CLANG_WARN_DIRECT_OBJC_ISA_USAGE = YES_ERROR;
				CLANG_WARN_DOCUMENTATION_COMMENTS = YES;
				CLANG_WARN_EMPTY_BODY = YES;
				CLANG_WARN_ENUM_CONVERSION = YES;
				CLANG_WARN_INFINITE_RECURSION = YES;
				CLANG_WARN_INT_CONVERSION = YES;
				CLANG_WARN_NON_LITERAL_NULL_CONVERSION = YES;
				CLANG_WARN_OBJC_IMPLICIT_RETAIN_SELF = YES;
				CLANG_WARN_OBJC_LITERAL_CONVERSION = YES;
				CLANG_WARN_OBJC_ROOT_CLASS = YES_ERROR;
				CLANG_WARN_QUOTED_INCLUDE_IN_FRAMEWORK_HEADER = YES;
				CLANG_WARN_RANGE_LOOP_ANALYSIS = YES;
				CLANG_WARN_STRICT_PROTOTYPES = YES;
				CLANG_WARN_SUSPICIOUS_MOVE = YES;
				CLANG_WARN_UNGUARDED_AVAILABILITY = YES_AGGRESSIVE;
				CLANG_WARN_UNREACHABLE_CODE = YES;
				CLANG_WARN__DUPLICATE_METHOD_MATCH = YES;
				COPY_PHASE_STRIP = NO;
				DEBUG_INFORMATION_FORMAT = dwarf;
				ENABLE_STRICT_OBJC_MSGSEND = YES;
				ENABLE_TESTABILITY = YES;
				GCC_C_LANGUAGE_STANDARD = gnu11;
				GCC_DYNAMIC_NO_PIC = NO;
				GCC_NO_COMMON_BLOCKS = YES;
				GCC_OPTIMIZATION_LEVEL = 0;
				GCC_PREPROCESSOR_DEFINITIONS = (
					"DEBUG=1",
					"$(inherited)",
				);
				GCC_WARN_64_TO_32_BIT_CONVERSION = YES;
				GCC_WARN_ABOUT_RETURN_TYPE = YES_ERROR;
				GCC_WARN_UNDECLARED_SELECTOR = YES;
				GCC_WARN_UNINITIALIZED_AUTOS = YES_AGGRESSIVE;
				GCC_WARN_UNUSED_FUNCTION = YES;
				GCC_WARN_UNUSED_VARIABLE = YES;
				IPHONEOS_DEPLOYMENT_TARGET = 14.0;
				MTL_ENABLE_DEBUG_INFO = INCLUDE_SOURCE;
				MTL_FAST_MATH = YES;
				ONLY_ACTIVE_ARCH = YES;
				SDKROOT = iphoneos;
				SWIFT_ACTIVE_COMPILATION_CONDITIONS = DEBUG;
				SWIFT_OPTIMIZATION_LEVEL = "-Onone";
			};
			name = Debug;
		};
		F1C9FDA8257E795000F27267 /* Release */ = {
			isa = XCBuildConfiguration;
			buildSettings = {
				ALWAYS_SEARCH_USER_PATHS = NO;
				CLANG_ANALYZER_NONNULL = YES;
				CLANG_ANALYZER_NUMBER_OBJECT_CONVERSION = YES_AGGRESSIVE;
				CLANG_CXX_LANGUAGE_STANDARD = "gnu++14";
				CLANG_CXX_LIBRARY = "libc++";
				CLANG_ENABLE_MODULES = YES;
				CLANG_ENABLE_OBJC_ARC = YES;
				CLANG_ENABLE_OBJC_WEAK = YES;
				CLANG_WARN_BLOCK_CAPTURE_AUTORELEASING = YES;
				CLANG_WARN_BOOL_CONVERSION = YES;
				CLANG_WARN_COMMA = YES;
				CLANG_WARN_CONSTANT_CONVERSION = YES;
				CLANG_WARN_DEPRECATED_OBJC_IMPLEMENTATIONS = YES;
				CLANG_WARN_DIRECT_OBJC_ISA_USAGE = YES_ERROR;
				CLANG_WARN_DOCUMENTATION_COMMENTS = YES;
				CLANG_WARN_EMPTY_BODY = YES;
				CLANG_WARN_ENUM_CONVERSION = YES;
				CLANG_WARN_INFINITE_RECURSION = YES;
				CLANG_WARN_INT_CONVERSION = YES;
				CLANG_WARN_NON_LITERAL_NULL_CONVERSION = YES;
				CLANG_WARN_OBJC_IMPLICIT_RETAIN_SELF = YES;
				CLANG_WARN_OBJC_LITERAL_CONVERSION = YES;
				CLANG_WARN_OBJC_ROOT_CLASS = YES_ERROR;
				CLANG_WARN_QUOTED_INCLUDE_IN_FRAMEWORK_HEADER = YES;
				CLANG_WARN_RANGE_LOOP_ANALYSIS = YES;
				CLANG_WARN_STRICT_PROTOTYPES = YES;
				CLANG_WARN_SUSPICIOUS_MOVE = YES;
				CLANG_WARN_UNGUARDED_AVAILABILITY = YES_AGGRESSIVE;
				CLANG_WARN_UNREACHABLE_CODE = YES;
				CLANG_WARN__DUPLICATE_METHOD_MATCH = YES;
				COPY_PHASE_STRIP = NO;
				DEBUG_INFORMATION_FORMAT = "dwarf-with-dsym";
				ENABLE_NS_ASSERTIONS = NO;
				ENABLE_STRICT_OBJC_MSGSEND = YES;
				GCC_C_LANGUAGE_STANDARD = gnu11;
				GCC_NO_COMMON_BLOCKS = YES;
				GCC_WARN_64_TO_32_BIT_CONVERSION = YES;
				GCC_WARN_ABOUT_RETURN_TYPE = YES_ERROR;
				GCC_WARN_UNDECLARED_SELECTOR = YES;
				GCC_WARN_UNINITIALIZED_AUTOS = YES_AGGRESSIVE;
				GCC_WARN_UNUSED_FUNCTION = YES;
				GCC_WARN_UNUSED_VARIABLE = YES;
				IPHONEOS_DEPLOYMENT_TARGET = 14.0;
				MTL_ENABLE_DEBUG_INFO = NO;
				MTL_FAST_MATH = YES;
				SDKROOT = iphoneos;
				SWIFT_COMPILATION_MODE = wholemodule;
				SWIFT_OPTIMIZATION_LEVEL = "-O";
				VALIDATE_PRODUCT = YES;
			};
			name = Release;
		};
		F1C9FDAA257E795000F27267 /* Debug */ = {
			isa = XCBuildConfiguration;
			baseConfigurationReference = E57D1B603B062B94EF4EBC9E /* Pods-DSBaseDemo.debug.xcconfig */;
			buildSettings = {
				ASSETCATALOG_COMPILER_APPICON_NAME = AppIcon;
				ASSETCATALOG_COMPILER_GLOBAL_ACCENT_COLOR_NAME = AccentColor;
				CODE_SIGN_IDENTITY = "iPhone Developer";
				CODE_SIGN_STYLE = Manual;
				CURRENT_PROJECT_VERSION = 0.0.5;
				DEVELOPMENT_TEAM = 3U34V92LTL;
				INFOPLIST_FILE = DSBaseDemo/Info.plist;
				LD_RUNPATH_SEARCH_PATHS = (
					"$(inherited)",
					"@executable_path/Frameworks",
				);
				MARKETING_VERSION = 0.0.5;
				PRODUCT_BUNDLE_IDENTIFIER = "com.dream-swp.DSBaseDemo";
				PRODUCT_NAME = "$(TARGET_NAME)";
				PROVISIONING_PROFILE_SPECIFIER = "Dream Wildcard";
				SWIFT_VERSION = 5.0;
				TARGETED_DEVICE_FAMILY = "1,2";
			};
			name = Debug;
		};
		F1C9FDAB257E795000F27267 /* Release */ = {
			isa = XCBuildConfiguration;
			baseConfigurationReference = C2AB361C9928C643FEC5C378 /* Pods-DSBaseDemo.release.xcconfig */;
			buildSettings = {
				ASSETCATALOG_COMPILER_APPICON_NAME = AppIcon;
				ASSETCATALOG_COMPILER_GLOBAL_ACCENT_COLOR_NAME = AccentColor;
				CODE_SIGN_IDENTITY = "iPhone Developer";
				CODE_SIGN_STYLE = Manual;
				CURRENT_PROJECT_VERSION = 0.0.5;
				DEVELOPMENT_TEAM = 3U34V92LTL;
				INFOPLIST_FILE = DSBaseDemo/Info.plist;
				LD_RUNPATH_SEARCH_PATHS = (
					"$(inherited)",
					"@executable_path/Frameworks",
				);
				MARKETING_VERSION = 0.0.5;
				PRODUCT_BUNDLE_IDENTIFIER = "com.dream-swp.DSBaseDemo";
				PRODUCT_NAME = "$(TARGET_NAME)";
				PROVISIONING_PROFILE_SPECIFIER = "Dream Wildcard";
				SWIFT_VERSION = 5.0;
				TARGETED_DEVICE_FAMILY = "1,2";
			};
			name = Release;
		};
/* End XCBuildConfiguration section */

/* Begin XCConfigurationList section */
		F1C9FD90257E794F00F27267 /* Build configuration list for PBXProject "DSBaseDemo" */ = {
			isa = XCConfigurationList;
			buildConfigurations = (
				F1C9FDA7257E795000F27267 /* Debug */,
				F1C9FDA8257E795000F27267 /* Release */,
			);
			defaultConfigurationIsVisible = 0;
			defaultConfigurationName = Release;
		};
		F1C9FDA9257E795000F27267 /* Build configuration list for PBXNativeTarget "DSBaseDemo" */ = {
			isa = XCConfigurationList;
			buildConfigurations = (
				F1C9FDAA257E795000F27267 /* Debug */,
				F1C9FDAB257E795000F27267 /* Release */,
			);
			defaultConfigurationIsVisible = 0;
			defaultConfigurationName = Release;
		};
/* End XCConfigurationList section */
	};
	rootObject = F1C9FD8D257E794F00F27267 /* Project object */;
}
